{
  "name": "planets_projcet",
  "version": "1.0.0",
  "lockfileVersion": 1,
  "requires": true,
  "dependencies": {
    "csv-parse": {
      "version": "4.16.2",
      "resolved": "https://registry.npmjs.org/csv-parse/-/csv-parse-4.16.2.tgz",
      "integrity": "sha512-eq2BhB6JiIJaNv61pH5EC+o/iyCBxT+g6ukLu2UoNyS5daCN8YlzhOsLHGt/t9sGraMYt/aizaXPLQoNvxlIMw=="
    }
  }
}
